// !$*UTF8*$!
{
	archiveVersion = 1;
	classes = {
	};
	objectVersion = 56;
	objects = {

/* Begin PBXBuildFile section */
		9B498A602D55F29A0072733E /* ExerciseManager.swift in Sources */ = {isa = PBXBuildFile; fileRef = 9B498A5F2D55F29A0072733E /* ExerciseManager.swift */; };
		9B51BB022D55CAF500A778A1 /* WorkoutView.swift in Sources */ = {isa = PBXBuildFile; fileRef = 9B51BB012D55CAF500A778A1 /* WorkoutView.swift */; };
		9BB5D85B2D54AE470039A114 /* Exercise.swift in Sources */ = {isa = PBXBuildFile; fileRef = 9BB5D8582D54ACF70039A114 /* Exercise.swift */; };
		9BB5D85C2D54AE4C0039A114 /* ContentView.swift in Sources */ = {isa = PBXBuildFile; fileRef = 9BB5D8562D54AB600039A114 /* ContentView.swift */; };
		9BE12CC42D4F68DE00D969AF /* Exercise_5MinutesApp.swift in Sources */ = {isa = PBXBuildFile; fileRef = 9BE12CC32D4F68DE00D969AF /* Exercise_5MinutesApp.swift */; };
		9BE12CC82D4F68DE00D969AF /* Item.swift in Sources */ = {isa = PBXBuildFile; fileRef = 9BE12CC72D4F68DE00D969AF /* Item.swift */; };
		9BE12CCA2D4F68E200D969AF /* Assets.xcassets in Resources */ = {isa = PBXBuildFile; fileRef = 9BE12CC92D4F68E200D969AF /* Assets.xcassets */; };
		9BE12CCD2D4F68E200D969AF /* Preview Assets.xcassets in Resources */ = {isa = PBXBuildFile; fileRef = 9BE12CCC2D4F68E200D969AF /* Preview Assets.xcassets */; };
		9BE12CD72D4F68E300D969AF /* Exercise_5MinutesTests.swift in Sources */ = {isa = PBXBuildFile; fileRef = 9BE12CD62D4F68E300D969AF /* Exercise_5MinutesTests.swift */; };
		9BE12CE12D4F68E300D969AF /* Exercise_5MinutesUITests.swift in Sources */ = {isa = PBXBuildFile; fileRef = 9BE12CE02D4F68E300D969AF /* Exercise_5MinutesUITests.swift */; };
		9BE12CE32D4F68E300D969AF /* Exercise_5MinutesUITestsLaunchTests.swift in Sources */ = {isa = PBXBuildFile; fileRef = 9BE12CE22D4F68E300D969AF /* Exercise_5MinutesUITestsLaunchTests.swift */; };
/* End PBXBuildFile section */

/* Begin PBXContainerItemProxy section */
		9BE12CD32D4F68E300D969AF /* PBXContainerItemProxy */ = {
			isa = PBXContainerItemProxy;
			containerPortal = 9BE12CB82D4F68DE00D969AF /* Project object */;
			proxyType = 1;
			remoteGlobalIDString = 9BE12CBF2D4F68DE00D969AF;
			remoteInfo = "Exercise-5Minutes";
		};
		9BE12CDD2D4F68E300D969AF /* PBXContainerItemProxy */ = {
			isa = PBXContainerItemProxy;
			containerPortal = 9BE12CB82D4F68DE00D969AF /* Project object */;
			proxyType = 1;
			remoteGlobalIDString = 9BE12CBF2D4F68DE00D969AF;
			remoteInfo = "Exercise-5Minutes";
		};
/* End PBXContainerItemProxy section */

/* Begin PBXFileReference section */
		9B498A5F2D55F29A0072733E /* ExerciseManager.swift */ = {isa = PBXFileReference; fileEncoding = 4; lastKnownFileType = sourcecode.swift; path = ExerciseManager.swift; sourceTree = "<group>"; };
		9B51BB012D55CAF500A778A1 /* WorkoutView.swift */ = {isa = PBXFileReference; fileEncoding = 4; lastKnownFileType = sourcecode.swift; path = WorkoutView.swift; sourceTree = "<group>"; };
		9B76B6342D5346D70011AB4B /* Info.plist */ = {isa = PBXFileReference; lastKnownFileType = text.plist; path = Info.plist; sourceTree = "<group>"; };
		9BB5D8562D54AB600039A114 /* ContentView.swift */ = {isa = PBXFileReference; fileEncoding = 4; lastKnownFileType = sourcecode.swift; path = ContentView.swift; sourceTree = "<group>"; };
		9BB5D8582D54ACF70039A114 /* Exercise.swift */ = {isa = PBXFileReference; fileEncoding = 4; lastKnownFileType = sourcecode.swift; path = Exercise.swift; sourceTree = "<group>"; };
		9BE12CC02D4F68DE00D969AF /* Exercise-5Minutes.app */ = {isa = PBXFileReference; explicitFileType = wrapper.application; includeInIndex = 0; path = "Exercise-5Minutes.app"; sourceTree = BUILT_PRODUCTS_DIR; };
		9BE12CC32D4F68DE00D969AF /* Exercise_5MinutesApp.swift */ = {isa = PBXFileReference; lastKnownFileType = sourcecode.swift; path = Exercise_5MinutesApp.swift; sourceTree = "<group>"; };
		9BE12CC72D4F68DE00D969AF /* Item.swift */ = {isa = PBXFileReference; lastKnownFileType = sourcecode.swift; path = Item.swift; sourceTree = "<group>"; };
		9BE12CC92D4F68E200D969AF /* Assets.xcassets */ = {isa = PBXFileReference; lastKnownFileType = folder.assetcatalog; path = Assets.xcassets; sourceTree = "<group>"; };
		9BE12CCC2D4F68E200D969AF /* Preview Assets.xcassets */ = {isa = PBXFileReference; lastKnownFileType = folder.assetcatalog; path = "Preview Assets.xcassets"; sourceTree = "<group>"; };
		9BE12CD22D4F68E300D969AF /* Exercise-5MinutesTests.xctest */ = {isa = PBXFileReference; explicitFileType = wrapper.cfbundle; includeInIndex = 0; path = "Exercise-5MinutesTests.xctest"; sourceTree = BUILT_PRODUCTS_DIR; };
		9BE12CD62D4F68E300D969AF /* Exercise_5MinutesTests.swift */ = {isa = PBXFileReference; lastKnownFileType = sourcecode.swift; path = Exercise_5MinutesTests.swift; sourceTree = "<group>"; };
		9BE12CDC2D4F68E300D969AF /* Exercise-5MinutesUITests.xctest */ = {isa = PBXFileReference; explicitFileType = wrapper.cfbundle; includeInIndex = 0; path = "Exercise-5MinutesUITests.xctest"; sourceTree = BUILT_PRODUCTS_DIR; };
		9BE12CE02D4F68E300D969AF /* Exercise_5MinutesUITests.swift */ = {isa = PBXFileReference; lastKnownFileType = sourcecode.swift; path = Exercise_5MinutesUITests.swift; sourceTree = "<group>"; };
		9BE12CE22D4F68E300D969AF /* Exercise_5MinutesUITestsLaunchTests.swift */ = {isa = PBXFileReference; lastKnownFileType = sourcecode.swift; path = Exercise_5MinutesUITestsLaunchTests.swift; sourceTree = "<group>"; };
/* End PBXFileReference section */

/* Begin PBXFrameworksBuildPhase section */
		9BE12CBD2D4F68DE00D969AF /* Frameworks */ = {
			isa = PBXFrameworksBuildPhase;
			buildActionMask = 2147483647;
			files = (
			);
			runOnlyForDeploymentPostprocessing = 0;
		};
		9BE12CCF2D4F68E300D969AF /* Frameworks */ = {
			isa = PBXFrameworksBuildPhase;
			buildActionMask = 2147483647;
			files = (
			);
			runOnlyForDeploymentPostprocessing = 0;
		};
		9BE12CD92D4F68E300D969AF /* Frameworks */ = {
			isa = PBXFrameworksBuildPhase;
			buildActionMask = 2147483647;
			files = (
			);
			runOnlyForDeploymentPostprocessing = 0;
		};
/* End PBXFrameworksBuildPhase section */

/* Begin PBXGroup section */
		9BB5D8552D54AB080039A114 /* Views */ = {
			isa = PBXGroup;
			children = (
				9B51BB012D55CAF500A778A1 /* WorkoutView.swift */,
				9BB5D8562D54AB600039A114 /* ContentView.swift */,
			);
			path = Views;
			sourceTree = "<group>";
		};
		9BB5D85A2D54AD060039A114 /* Models */ = {
			isa = PBXGroup;
			children = (
				9B498A5F2D55F29A0072733E /* ExerciseManager.swift */,
				9BB5D8582D54ACF70039A114 /* Exercise.swift */,
			);
			path = Models;
			sourceTree = "<group>";
		};
		9BE12CB72D4F68DE00D969AF = {
			isa = PBXGroup;
			children = (
				9BE12CC22D4F68DE00D969AF /* Exercise-5Minutes */,
				9BE12CD52D4F68E300D969AF /* Exercise-5MinutesTests */,
				9BE12CDF2D4F68E300D969AF /* Exercise-5MinutesUITests */,
				9BE12CC12D4F68DE00D969AF /* Products */,
			);
			sourceTree = "<group>";
		};
		9BE12CC12D4F68DE00D969AF /* Products */ = {
			isa = PBXGroup;
			children = (
				9BE12CC02D4F68DE00D969AF /* Exercise-5Minutes.app */,
				9BE12CD22D4F68E300D969AF /* Exercise-5MinutesTests.xctest */,
				9BE12CDC2D4F68E300D969AF /* Exercise-5MinutesUITests.xctest */,
			);
			name = Products;
			sourceTree = "<group>";
		};
		9BE12CC22D4F68DE00D969AF /* Exercise-5Minutes */ = {
			isa = PBXGroup;
			children = (
				9BB5D85A2D54AD060039A114 /* Models */,
				9BB5D8552D54AB080039A114 /* Views */,
				9B76B6342D5346D70011AB4B /* Info.plist */,
				9BE12CC32D4F68DE00D969AF /* Exercise_5MinutesApp.swift */,
				9BE12CC72D4F68DE00D969AF /* Item.swift */,
				9BE12CC92D4F68E200D969AF /* Assets.xcassets */,
				9BE12CCB2D4F68E200D969AF /* Preview Content */,
			);
			path = "Exercise-5Minutes";
			sourceTree = "<group>";
		};
		9BE12CCB2D4F68E200D969AF /* Preview Content */ = {
			isa = PBXGroup;
			children = (
				9BE12CCC2D4F68E200D969AF /* Preview Assets.xcassets */,
			);
			path = "Preview Content";
			sourceTree = "<group>";
		};
		9BE12CD52D4F68E300D969AF /* Exercise-5MinutesTests */ = {
			isa = PBXGroup;
			children = (
				9BE12CD62D4F68E300D969AF /* Exercise_5MinutesTests.swift */,
			);
			path = "Exercise-5MinutesTests";
			sourceTree = "<group>";
		};
		9BE12CDF2D4F68E300D969AF /* Exercise-5MinutesUITests */ = {
			isa = PBXGroup;
			children = (
				9BE12CE02D4F68E300D969AF /* Exercise_5MinutesUITests.swift */,
				9BE12CE22D4F68E300D969AF /* Exercise_5MinutesUITestsLaunchTests.swift */,
			);
			path = "Exercise-5MinutesUITests";
			sourceTree = "<group>";
		};
/* End PBXGroup section */

/* Begin PBXNativeTarget section */
		9BE12CBF2D4F68DE00D969AF /* Exercise-5Minutes */ = {
			isa = PBXNativeTarget;
			buildConfigurationList = 9BE12CE62D4F68E300D969AF /* Build configuration list for PBXNativeTarget "Exercise-5Minutes" */;
			buildPhases = (
				9BE12CBC2D4F68DE00D969AF /* Sources */,
				9BE12CBD2D4F68DE00D969AF /* Frameworks */,
				9BE12CBE2D4F68DE00D969AF /* Resources */,
			);
			buildRules = (
			);
			dependencies = (
			);
			name = "Exercise-5Minutes";
			productName = "Exercise-5Minutes";
			productReference = 9BE12CC02D4F68DE00D969AF /* Exercise-5Minutes.app */;
			productType = "com.apple.product-type.application";
		};
		9BE12CD12D4F68E300D969AF /* Exercise-5MinutesTests */ = {
			isa = PBXNativeTarget;
			buildConfigurationList = 9BE12CE92D4F68E300D969AF /* Build configuration list for PBXNativeTarget "Exercise-5MinutesTests" */;
			buildPhases = (
				9BE12CCE2D4F68E300D969AF /* Sources */,
				9BE12CCF2D4F68E300D969AF /* Frameworks */,
				9BE12CD02D4F68E300D969AF /* Resources */,
			);
			buildRules = (
			);
			dependencies = (
				9BE12CD42D4F68E300D969AF /* PBXTargetDependency */,
			);
			name = "Exercise-5MinutesTests";
			productName = "Exercise-5MinutesTests";
			productReference = 9BE12CD22D4F68E300D969AF /* Exercise-5MinutesTests.xctest */;
			productType = "com.apple.product-type.bundle.unit-test";
		};
		9BE12CDB2D4F68E300D969AF /* Exercise-5MinutesUITests */ = {
			isa = PBXNativeTarget;
			buildConfigurationList = 9BE12CEC2D4F68E300D969AF /* Build configuration list for PBXNativeTarget "Exercise-5MinutesUITests" */;
			buildPhases = (
				9BE12CD82D4F68E300D969AF /* Sources */,
				9BE12CD92D4F68E300D969AF /* Frameworks */,
				9BE12CDA2D4F68E300D969AF /* Resources */,
			);
			buildRules = (
			);
			dependencies = (
				9BE12CDE2D4F68E300D969AF /* PBXTargetDependency */,
			);
			name = "Exercise-5MinutesUITests";
			productName = "Exercise-5MinutesUITests";
			productReference = 9BE12CDC2D4F68E300D969AF /* Exercise-5MinutesUITests.xctest */;
			productType = "com.apple.product-type.bundle.ui-testing";
		};
/* End PBXNativeTarget section */

/* Begin PBXProject section */
		9BE12CB82D4F68DE00D969AF /* Project object */ = {
			isa = PBXProject;
			attributes = {
				BuildIndependentTargetsInParallel = 1;
				LastSwiftUpdateCheck = 1520;
				LastUpgradeCheck = 1520;
				TargetAttributes = {
					9BE12CBF2D4F68DE00D969AF = {
						CreatedOnToolsVersion = 15.2;
					};
					9BE12CD12D4F68E300D969AF = {
						CreatedOnToolsVersion = 15.2;
						TestTargetID = 9BE12CBF2D4F68DE00D969AF;
					};
					9BE12CDB2D4F68E300D969AF = {
						CreatedOnToolsVersion = 15.2;
						TestTargetID = 9BE12CBF2D4F68DE00D969AF;
					};
				};
			};
			buildConfigurationList = 9BE12CBB2D4F68DE00D969AF /* Build configuration list for PBXProject "Exercise-5Minutes" */;
			compatibilityVersion = "Xcode 14.0";
			developmentRegion = en;
			hasScannedForEncodings = 0;
			knownRegions = (
				en,
				Base,
			);
			mainGroup = 9BE12CB72D4F68DE00D969AF;
			productRefGroup = 9BE12CC12D4F68DE00D969AF /* Products */;
			projectDirPath = "";
			projectRoot = "";
			targets = (
				9BE12CBF2D4F68DE00D969AF /* Exercise-5Minutes */,
				9BE12CD12D4F68E300D969AF /* Exercise-5MinutesTests */,
				9BE12CDB2D4F68E300D969AF /* Exercise-5MinutesUITests */,
			);
		};
/* End PBXProject section */

/* Begin PBXResourcesBuildPhase section */
		9BE12CBE2D4F68DE00D969AF /* Resources */ = {
			isa = PBXResourcesBuildPhase;
			buildActionMask = 2147483647;
			files = (
				9BE12CCD2D4F68E200D969AF /* Preview Assets.xcassets in Resources */,
				9BE12CCA2D4F68E200D969AF /* Assets.xcassets in Resources */,
			);
			runOnlyForDeploymentPostprocessing = 0;
		};
		9BE12CD02D4F68E300D969AF /* Resources */ = {
			isa = PBXResourcesBuildPhase;
			buildActionMask = 2147483647;
			files = (
			);
			runOnlyForDeploymentPostprocessing = 0;
		};
		9BE12CDA2D4F68E300D969AF /* Resources */ = {
			isa = PBXResourcesBuildPhase;
			buildActionMask = 2147483647;
			files = (
			);
			runOnlyForDeploymentPostprocessing = 0;
		};
/* End PBXResourcesBuildPhase section */

/* Begin PBXSourcesBuildPhase section */
		9BE12CBC2D4F68DE00D969AF /* Sources */ = {
			isa = PBXSourcesBuildPhase;
			buildActionMask = 2147483647;
			files = (
				9BB5D85C2D54AE4C0039A114 /* ContentView.swift in Sources */,
				9BB5D85B2D54AE470039A114 /* Exercise.swift in Sources */,
				9BE12CC82D4F68DE00D969AF /* Item.swift in Sources */,
				9B498A602D55F29A0072733E /* ExerciseManager.swift in Sources */,
				9BE12CC42D4F68DE00D969AF /* Exercise_5MinutesApp.swift in Sources */,
				9B51BB022D55CAF500A778A1 /* WorkoutView.swift in Sources */,
			);
			runOnlyForDeploymentPostprocessing = 0;
		};
		9BE12CCE2D4F68E300D969AF /* Sources */ = {
			isa = PBXSourcesBuildPhase;
			buildActionMask = 2147483647;
			files = (
				9BE12CD72D4F68E300D969AF /* Exercise_5MinutesTests.swift in Sources */,
			);
			runOnlyForDeploymentPostprocessing = 0;
		};
		9BE12CD82D4F68E300D969AF /* Sources */ = {
			isa = PBXSourcesBuildPhase;
			buildActionMask = 2147483647;
			files = (
				9BE12CE32D4F68E300D969AF /* Exercise_5MinutesUITestsLaunchTests.swift in Sources */,
				9BE12CE12D4F68E300D969AF /* Exercise_5MinutesUITests.swift in Sources */,
			);
			runOnlyForDeploymentPostprocessing = 0;
		};
/* End PBXSourcesBuildPhase section */

/* Begin PBXTargetDependency section */
		9BE12CD42D4F68E300D969AF /* PBXTargetDependency */ = {
			isa = PBXTargetDependency;
			target = 9BE12CBF2D4F68DE00D969AF /* Exercise-5Minutes */;
			targetProxy = 9BE12CD32D4F68E300D969AF /* PBXContainerItemProxy */;
		};
		9BE12CDE2D4F68E300D969AF /* PBXTargetDependency */ = {
			isa = PBXTargetDependency;
			target = 9BE12CBF2D4F68DE00D969AF /* Exercise-5Minutes */;
			targetProxy = 9BE12CDD2D4F68E300D969AF /* PBXContainerItemProxy */;
		};
/* End PBXTargetDependency section */

/* Begin XCBuildConfiguration section */
		9BE12CE42D4F68E300D969AF /* Debug */ = {
			isa = XCBuildConfiguration;
			buildSettings = {
				ALWAYS_SEARCH_USER_PATHS = NO;
				ASSETCATALOG_COMPILER_GENERATE_SWIFT_ASSET_SYMBOL_EXTENSIONS = YES;
				CLANG_ANALYZER_NONNULL = YES;
				CLANG_ANALYZER_NUMBER_OBJECT_CONVERSION = YES_AGGRESSIVE;
				CLANG_CXX_LANGUAGE_STANDARD = "gnu++20";
				CLANG_ENABLE_MODULES = YES;
				CLANG_ENABLE_OBJC_ARC = YES;
				CLANG_ENABLE_OBJC_WEAK = YES;
				CLANG_WARN_BLOCK_CAPTURE_AUTORELEASING = YES;
				CLANG_WARN_BOOL_CONVERSION = YES;
				CLANG_WARN_COMMA = YES;
				CLANG_WARN_CONSTANT_CONVERSION = YES;
				CLANG_WARN_DEPRECATED_OBJC_IMPLEMENTATIONS = YES;
				CLANG_WARN_DIRECT_OBJC_ISA_USAGE = YES_ERROR;
				CLANG_WARN_DOCUMENTATION_COMMENTS = YES;
				CLANG_WARN_EMPTY_BODY = YES;
				CLANG_WARN_ENUM_CONVERSION = YES;
				CLANG_WARN_INFINITE_RECURSION = YES;
				CLANG_WARN_INT_CONVERSION = YES;
				CLANG_WARN_NON_LITERAL_NULL_CONVERSION = YES;
				CLANG_WARN_OBJC_IMPLICIT_RETAIN_SELF = YES;
				CLANG_WARN_OBJC_LITERAL_CONVERSION = YES;
				CLANG_WARN_OBJC_ROOT_CLASS = YES_ERROR;
				CLANG_WARN_QUOTED_INCLUDE_IN_FRAMEWORK_HEADER = YES;
				CLANG_WARN_RANGE_LOOP_ANALYSIS = YES;
				CLANG_WARN_STRICT_PROTOTYPES = YES;
				CLANG_WARN_SUSPICIOUS_MOVE = YES;
				CLANG_WARN_UNGUARDED_AVAILABILITY = YES_AGGRESSIVE;
				CLANG_WARN_UNREACHABLE_CODE = YES;
				CLANG_WARN__DUPLICATE_METHOD_MATCH = YES;
				COPY_PHASE_STRIP = NO;
				DEBUG_INFORMATION_FORMAT = dwarf;
				ENABLE_STRICT_OBJC_MSGSEND = YES;
				ENABLE_TESTABILITY = YES;
				ENABLE_USER_SCRIPT_SANDBOXING = YES;
				GCC_C_LANGUAGE_STANDARD = gnu17;
				GCC_DYNAMIC_NO_PIC = NO;
				GCC_NO_COMMON_BLOCKS = YES;
				GCC_OPTIMIZATION_LEVEL = 0;
				GCC_PREPROCESSOR_DEFINITIONS = (
					"DEBUG=1",
					"$(inherited)",
				);
				GCC_WARN_64_TO_32_BIT_CONVERSION = YES;
				GCC_WARN_ABOUT_RETURN_TYPE = YES_ERROR;
				GCC_WARN_UNDECLARED_SELECTOR = YES;
				GCC_WARN_UNINITIALIZED_AUTOS = YES_AGGRESSIVE;
				GCC_WARN_UNUSED_FUNCTION = YES;
				GCC_WARN_UNUSED_VARIABLE = YES;
				IPHONEOS_DEPLOYMENT_TARGET = 17.2;
				LOCALIZATION_PREFERS_STRING_CATALOGS = YES;
				MTL_ENABLE_DEBUG_INFO = INCLUDE_SOURCE;
				MTL_FAST_MATH = YES;
				ONLY_ACTIVE_ARCH = YES;
				SDKROOT = iphoneos;
				SWIFT_ACTIVE_COMPILATION_CONDITIONS = "DEBUG $(inherited)";
				SWIFT_OPTIMIZATION_LEVEL = "-Onone";
			};
			name = Debug;
		};
		9BE12CE52D4F68E300D969AF /* Release */ = {
			isa = XCBuildConfiguration;
			buildSettings = {
				ALWAYS_SEARCH_USER_PATHS = NO;
				ASSETCATALOG_COMPILER_GENERATE_SWIFT_ASSET_SYMBOL_EXTENSIONS = YES;
				CLANG_ANALYZER_NONNULL = YES;
				CLANG_ANALYZER_NUMBER_OBJECT_CONVERSION = YES_AGGRESSIVE;
				CLANG_CXX_LANGUAGE_STANDARD = "gnu++20";
				CLANG_ENABLE_MODULES = YES;
				CLANG_ENABLE_OBJC_ARC = YES;
				CLANG_ENABLE_OBJC_WEAK = YES;
				CLANG_WARN_BLOCK_CAPTURE_AUTORELEASING = YES;
				CLANG_WARN_BOOL_CONVERSION = YES;
				CLANG_WARN_COMMA = YES;
				CLANG_WARN_CONSTANT_CONVERSION = YES;
				CLANG_WARN_DEPRECATED_OBJC_IMPLEMENTATIONS = YES;
				CLANG_WARN_DIRECT_OBJC_ISA_USAGE = YES_ERROR;
				CLANG_WARN_DOCUMENTATION_COMMENTS = YES;
				CLANG_WARN_EMPTY_BODY = YES;
				CLANG_WARN_ENUM_CONVERSION = YES;
				CLANG_WARN_INFINITE_RECURSION = YES;
				CLANG_WARN_INT_CONVERSION = YES;
				CLANG_WARN_NON_LITERAL_NULL_CONVERSION = YES;
				CLANG_WARN_OBJC_IMPLICIT_RETAIN_SELF = YES;
				CLANG_WARN_OBJC_LITERAL_CONVERSION = YES;
				CLANG_WARN_OBJC_ROOT_CLASS = YES_ERROR;
				CLANG_WARN_QUOTED_INCLUDE_IN_FRAMEWORK_HEADER = YES;
				CLANG_WARN_RANGE_LOOP_ANALYSIS = YES;
				CLANG_WARN_STRICT_PROTOTYPES = YES;
				CLANG_WARN_SUSPICIOUS_MOVE = YES;
				CLANG_WARN_UNGUARDED_AVAILABILITY = YES_AGGRESSIVE;
				CLANG_WARN_UNREACHABLE_CODE = YES;
				CLANG_WARN__DUPLICATE_METHOD_MATCH = YES;
				COPY_PHASE_STRIP = NO;
				DEBUG_INFORMATION_FORMAT = "dwarf-with-dsym";
				ENABLE_NS_ASSERTIONS = NO;
				ENABLE_STRICT_OBJC_MSGSEND = YES;
				ENABLE_USER_SCRIPT_SANDBOXING = YES;
				GCC_C_LANGUAGE_STANDARD = gnu17;
				GCC_NO_COMMON_BLOCKS = YES;
				GCC_WARN_64_TO_32_BIT_CONVERSION = YES;
				GCC_WARN_ABOUT_RETURN_TYPE = YES_ERROR;
				GCC_WARN_UNDECLARED_SELECTOR = YES;
				GCC_WARN_UNINITIALIZED_AUTOS = YES_AGGRESSIVE;
				GCC_WARN_UNUSED_FUNCTION = YES;
				GCC_WARN_UNUSED_VARIABLE = YES;
				IPHONEOS_DEPLOYMENT_TARGET = 17.2;
				LOCALIZATION_PREFERS_STRING_CATALOGS = YES;
				MTL_ENABLE_DEBUG_INFO = NO;
				MTL_FAST_MATH = YES;
				SDKROOT = iphoneos;
				SWIFT_COMPILATION_MODE = wholemodule;
				VALIDATE_PRODUCT = YES;
			};
			name = Release;
		};
		9BE12CE72D4F68E300D969AF /* Debug */ = {
			isa = XCBuildConfiguration;
			buildSettings = {
				ASSETCATALOG_COMPILER_APPICON_NAME = AppIcon;
				ASSETCATALOG_COMPILER_GLOBAL_ACCENT_COLOR_NAME = AccentColor;
				CODE_SIGN_STYLE = Automatic;
				CURRENT_PROJECT_VERSION = 1;
				DEVELOPMENT_ASSET_PATHS = "\"Exercise-5Minutes/Preview Content\"";
				DEVELOPMENT_TEAM = F34NUA93Z8;
				ENABLE_PREVIEWS = YES;
				GENERATE_INFOPLIST_FILE = YES;
				INFOPLIST_FILE = "Exercise-5Minutes/Info.plist";
				INFOPLIST_KEY_UIApplicationSceneManifest_Generation = YES;
				INFOPLIST_KEY_UIApplicationSupportsIndirectInputEvents = YES;
				INFOPLIST_KEY_UILaunchScreen_Generation = YES;
				INFOPLIST_KEY_UISupportedInterfaceOrientations_iPad = "UIInterfaceOrientationPortrait UIInterfaceOrientationPortraitUpsideDown UIInterfaceOrientationLandscapeLeft UIInterfaceOrientationLandscapeRight";
				INFOPLIST_KEY_UISupportedInterfaceOrientations_iPhone = "UIInterfaceOrientationPortrait UIInterfaceOrientationLandscapeLeft UIInterfaceOrientationLandscapeRight";
				LD_RUNPATH_SEARCH_PATHS = (
					"$(inherited)",
					"@executable_path/Frameworks",
				);
				MARKETING_VERSION = 1.0;
				PRODUCT_BUNDLE_IDENTIFIER = "fit.exerciseforlife.Exercise-5Minutes";
				PRODUCT_NAME = "$(TARGET_NAME)";
				SWIFT_EMIT_LOC_STRINGS = YES;
				SWIFT_VERSION = 5.0;
				TARGETED_DEVICE_FAMILY = "1,2";
			};
			name = Debug;
		};
		9BE12CE82D4F68E300D969AF /* Release */ = {
			isa = XCBuildConfiguration;
			buildSettings = {
				ASSETCATALOG_COMPILER_APPICON_NAME = AppIcon;
				ASSETCATALOG_COMPILER_GLOBAL_ACCENT_COLOR_NAME = AccentColor;
				CODE_SIGN_STYLE = Automatic;
				CURRENT_PROJECT_VERSION = 1;
				DEVELOPMENT_ASSET_PATHS = "\"Exercise-5Minutes/Preview Content\"";
				DEVELOPMENT_TEAM = F34NUA93Z8;
				ENABLE_PREVIEWS = YES;
				GENERATE_INFOPLIST_FILE = YES;
				INFOPLIST_FILE = "Exercise-5Minutes/Info.plist";
				INFOPLIST_KEY_UIApplicationSceneManifest_Generation = YES;
				INFOPLIST_KEY_UIApplicationSupportsIndirectInputEvents = YES;
				INFOPLIST_KEY_UILaunchScreen_Generation = YES;
				INFOPLIST_KEY_UISupportedInterfaceOrientations_iPad = "UIInterfaceOrientationPortrait UIInterfaceOrientationPortraitUpsideDown UIInterfaceOrientationLandscapeLeft UIInterfaceOrientationLandscapeRight";
				INFOPLIST_KEY_UISupportedInterfaceOrientations_iPhone = "UIInterfaceOrientationPortrait UIInterfaceOrientationLandscapeLeft UIInterfaceOrientationLandscapeRight";
				LD_RUNPATH_SEARCH_PATHS = (
					"$(inherited)",
					"@executable_path/Frameworks",
				);
				MARKETING_VERSION = 1.0;
				PRODUCT_BUNDLE_IDENTIFIER = "fit.exerciseforlife.Exercise-5Minutes";
				PRODUCT_NAME = "$(TARGET_NAME)";
				SWIFT_EMIT_LOC_STRINGS = YES;
				SWIFT_VERSION = 5.0;
				TARGETED_DEVICE_FAMILY = "1,2";
			};
			name = Release;
		};
		9BE12CEA2D4F68E300D969AF /* Debug */ = {
			isa = XCBuildConfiguration;
			buildSettings = {
				ALWAYS_EMBED_SWIFT_STANDARD_LIBRARIES = YES;
				BUNDLE_LOADER = "$(TEST_HOST)";
				CODE_SIGN_STYLE = Automatic;
				CURRENT_PROJECT_VERSION = 1;
				DEVELOPMENT_TEAM = F34NUA93Z8;
				GENERATE_INFOPLIST_FILE = YES;
				IPHONEOS_DEPLOYMENT_TARGET = 17.2;
				MARKETING_VERSION = 1.0;
				PRODUCT_BUNDLE_IDENTIFIER = "fit.exerciseforlife.Exercise-5MinutesTests";
				PRODUCT_NAME = "$(TARGET_NAME)";
				SWIFT_EMIT_LOC_STRINGS = NO;
				SWIFT_VERSION = 5.0;
				TARGETED_DEVICE_FAMILY = "1,2";
				TEST_HOST = "$(BUILT_PRODUCTS_DIR)/Exercise-5Minutes.app/$(BUNDLE_EXECUTABLE_FOLDER_PATH)/Exercise-5Minutes";
			};
			name = Debug;
		};
		9BE12CEB2D4F68E300D969AF /* Release */ = {
			isa = XCBuildConfiguration;
			buildSettings = {
				ALWAYS_EMBED_SWIFT_STANDARD_LIBRARIES = YES;
				BUNDLE_LOADER = "$(TEST_HOST)";
				CODE_SIGN_STYLE = Automatic;
				CURRENT_PROJECT_VERSION = 1;
				DEVELOPMENT_TEAM = F34NUA93Z8;
				GENERATE_INFOPLIST_FILE = YES;
				IPHONEOS_DEPLOYMENT_TARGET = 17.2;
				MARKETING_VERSION = 1.0;
				PRODUCT_BUNDLE_IDENTIFIER = "fit.exerciseforlife.Exercise-5MinutesTests";
				PRODUCT_NAME = "$(TARGET_NAME)";
				SWIFT_EMIT_LOC_STRINGS = NO;
				SWIFT_VERSION = 5.0;
				TARGETED_DEVICE_FAMILY = "1,2";
				TEST_HOST = "$(BUILT_PRODUCTS_DIR)/Exercise-5Minutes.app/$(BUNDLE_EXECUTABLE_FOLDER_PATH)/Exercise-5Minutes";
			};
			name = Release;
		};
		9BE12CED2D4F68E300D969AF /* Debug */ = {
			isa = XCBuildConfiguration;
			buildSettings = {
				ALWAYS_EMBED_SWIFT_STANDARD_LIBRARIES = YES;
				CODE_SIGN_STYLE = Automatic;
				CURRENT_PROJECT_VERSION = 1;
				DEVELOPMENT_TEAM = F34NUA93Z8;
				GENERATE_INFOPLIST_FILE = YES;
				MARKETING_VERSION = 1.0;
				PRODUCT_BUNDLE_IDENTIFIER = "fit.exerciseforlife.Exercise-5MinutesUITests";
				PRODUCT_NAME = "$(TARGET_NAME)";
				SWIFT_EMIT_LOC_STRINGS = NO;
				SWIFT_VERSION = 5.0;
				TARGETED_DEVICE_FAMILY = "1,2";
				TEST_TARGET_NAME = "Exercise-5Minutes";
			};
			name = Debug;
		};
		9BE12CEE2D4F68E300D969AF /* Release */ = {
			isa = XCBuildConfiguration;
			buildSettings = {
				ALWAYS_EMBED_SWIFT_STANDARD_LIBRARIES = YES;
				CODE_SIGN_STYLE = Automatic;
				CURRENT_PROJECT_VERSION = 1;
				DEVELOPMENT_TEAM = F34NUA93Z8;
				GENERATE_INFOPLIST_FILE = YES;
				MARKETING_VERSION = 1.0;
				PRODUCT_BUNDLE_IDENTIFIER = "fit.exerciseforlife.Exercise-5MinutesUITests";
				PRODUCT_NAME = "$(TARGET_NAME)";
				SWIFT_EMIT_LOC_STRINGS = NO;
				SWIFT_VERSION = 5.0;
				TARGETED_DEVICE_FAMILY = "1,2";
				TEST_TARGET_NAME = "Exercise-5Minutes";
			};
			name = Release;
		};
/* End XCBuildConfiguration section */

/* Begin XCConfigurationList section */
		9BE12CBB2D4F68DE00D969AF /* Build configuration list for PBXProject "Exercise-5Minutes" */ = {
			isa = XCConfigurationList;
			buildConfigurations = (
				9BE12CE42D4F68E300D969AF /* Debug */,
				9BE12CE52D4F68E300D969AF /* Release */,
			);
			defaultConfigurationIsVisible = 0;
			defaultConfigurationName = Release;
		};
		9BE12CE62D4F68E300D969AF /* Build configuration list for PBXNativeTarget "Exercise-5Minutes" */ = {
			isa = XCConfigurationList;
			buildConfigurations = (
				9BE12CE72D4F68E300D969AF /* Debug */,
				9BE12CE82D4F68E300D969AF /* Release */,
			);
			defaultConfigurationIsVisible = 0;
			defaultConfigurationName = Release;
		};
		9BE12CE92D4F68E300D969AF /* Build configuration list for PBXNativeTarget "Exercise-5MinutesTests" */ = {
			isa = XCConfigurationList;
			buildConfigurations = (
				9BE12CEA2D4F68E300D969AF /* Debug */,
				9BE12CEB2D4F68E300D969AF /* Release */,
			);
			defaultConfigurationIsVisible = 0;
			defaultConfigurationName = Release;
		};
		9BE12CEC2D4F68E300D969AF /* Build configuration list for PBXNativeTarget "Exercise-5MinutesUITests" */ = {
			isa = XCConfigurationList;
			buildConfigurations = (
				9BE12CED2D4F68E300D969AF /* Debug */,
				9BE12CEE2D4F68E300D969AF /* Release */,
			);
			defaultConfigurationIsVisible = 0;
			defaultConfigurationName = Release;
		};
/* End XCConfigurationList section */
	};
	rootObject = 9BE12CB82D4F68DE00D969AF /* Project object */;
}
